<?xml version="1.0" encoding="UTF-8" standalone="yes" ?>
<CodeBlocks_project_file>
	<FileVersion major="1" minor="6" />
	<Project>
		<Option title="Fourmis2" />
		<Option pch_mode="2" />
		<Option compiler="gcc" />
		<Build>
			<Target title="Debug">
				<Option output="bin/Debug/Fourmis2" prefix_auto="1" extension_auto="1" />
				<Option object_output="obj/Debug/" />
				<Option type="1" />
				<Option compiler="gcc" />
				<Compiler>
					<Add option="-g" />
				</Compiler>
			</Target>
			<Target title="Release">
				<Option output="bin/Release/Fourmis2" prefix_auto="1" extension_auto="1" />
				<Option object_output="obj/Release/" />
				<Option type="1" />
				<Option compiler="gcc" />
				<Compiler>
					<Add option="-O2" />
				</Compiler>
				<Linker>
					<Add option="-s" />
				</Linker>
			</Target>
		</Build>
		<Compiler>
			<Add option="-Wall" />
		</Compiler>
		<Unit filename="../fonctionsPrincipales.c">
			<Option compilerVar="CC" />
		</Unit>
		<Unit filename="../fonctionsPrincipales.h" />
		<Unit filename="../fonctionsPrincipales_test.c">
			<Option compilerVar="CC" />
		</Unit>
		<Unit filename="../graphe11.txt" />
		<Unit filename="../listeArc.c">
			<Option compilerVar="CC" />
		</Unit>
		<Unit filename="../listeArc.h" />
		<Unit filename="../listeSommet.c">
			<Option compilerVar="CC" />
		</Unit>
		<Unit filename="../listeSommet.h" />
		<Unit filename="../readGraph.c">
			<Option compilerVar="CC" />
		</Unit>
		<Unit filename="../readGraph.h" />
		<Unit filename="../structure.h" />
		<Extensions>
			<code_completion />
			<envvars />
			<debugger />
		</Extensions>
	</Project>
</CodeBlocks_project_file>
